{
  "name": "cricklytics_final",
  "lockfileVersion": 3,
  "requires": true,
  "packages": {
    "": {
      "dependencies": {
        "plotly.js-dist-min": "^3.1.1"
      },
      "devDependencies": {
        "@types/plotly.js": "^3.0.6",
        "@types/plotly.js-dist-min": "^2.3.4"
      }
    },
    "node_modules/@types/plotly.js": {
      "version": "3.0.6",
      "resolved": "https://registry.npmjs.org/@types/plotly.js/-/plotly.js-3.0.6.tgz",
      "integrity": "sha512-K+EhZsMUZ2Zjna5gaDOaEfdwKLtHUT7sSsBw2gbRT2mOLWVl9pI4FF8EDH2ytNAdgM/Gh6UhgfRiAtHfDAcY5g==",
      "dev": true,
      "license": "MIT"
    },
    "node_modules/@types/plotly.js-dist-min": {
      "version": "2.3.4",
      "resolved": "https://registry.npmjs.org/@types/plotly.js-dist-min/-/plotly.js-dist-min-2.3.4.tgz",
      "integrity": "sha512-ISwLFV6Zs/v3DkaRFLyk2rvYAfVdnYP2VVVy7h+fBDWw52sn7sMUzytkWiN4M75uxr1uz1uiBioePTDpAfoFIg==",
      "dev": true,
      "license": "MIT",
      "dependencies": {
        "@types/plotly.js": "*"
      }
    },
    "node_modules/plotly.js-dist-min": {
      "version": "3.1.1",
      "resolved": "https://registry.npmjs.org/plotly.js-dist-min/-/plotly.js-dist-min-3.1.1.tgz",
      "integrity": "sha512-eyuiESylUXW4kaF+v9J2gy9eZ+YT2uSVLILM4w1Afxnuv9u4UX9OnZnHR1OdF9ybq4x7+9chAzWUUbQ6HvBb3g==",
      "license": "MIT"
    }
  }
}
